// !$*UTF8*$!
{
	archiveVersion = 1;
	classes = {
	};
	objectVersion = 50;
	objects = {

/* Begin PBXBuildFile section */
		FCB88C9724C9C16900E91BAD /* AppDelegate.swift in Sources */ = {isa = PBXBuildFile; fileRef = FCB88C9624C9C16900E91BAD /* AppDelegate.swift */; };
		FCB88C9924C9C16900E91BAD /* SceneDelegate.swift in Sources */ = {isa = PBXBuildFile; fileRef = FCB88C9824C9C16900E91BAD /* SceneDelegate.swift */; };
		FCB88C9B24C9C16900E91BAD /* ViewController.swift in Sources */ = {isa = PBXBuildFile; fileRef = FCB88C9A24C9C16900E91BAD /* ViewController.swift */; };
		FCB88C9E24C9C16900E91BAD /* Main.storyboard in Resources */ = {isa = PBXBuildFile; fileRef = FCB88C9C24C9C16900E91BAD /* Main.storyboard */; };
		FCB88CA024C9C16B00E91BAD /* Assets.xcassets in Resources */ = {isa = PBXBuildFile; fileRef = FCB88C9F24C9C16B00E91BAD /* Assets.xcassets */; };
		FCB88CA324C9C16B00E91BAD /* LaunchScreen.storyboard in Resources */ = {isa = PBXBuildFile; fileRef = FCB88CA124C9C16B00E91BAD /* LaunchScreen.storyboard */; };
		FCB88CAE24C9C16C00E91BAD /* CATransform3DExampleTests.swift in Sources */ = {isa = PBXBuildFile; fileRef = FCB88CAD24C9C16C00E91BAD /* CATransform3DExampleTests.swift */; };
/* End PBXBuildFile section */

/* Begin PBXContainerItemProxy section */
		FCB88CAA24C9C16C00E91BAD /* PBXContainerItemProxy */ = {
			isa = PBXContainerItemProxy;
			containerPortal = FCB88C8B24C9C16900E91BAD /* Project object */;
			proxyType = 1;
			remoteGlobalIDString = FCB88C9224C9C16900E91BAD;
			remoteInfo = CATransform3DExample;
		};
/* End PBXContainerItemProxy section */

/* Begin PBXFileReference section */
		FCB88C9324C9C16900E91BAD /* CATransform3DExample.app */ = {isa = PBXFileReference; explicitFileType = wrapper.application; includeInIndex = 0; path = CATransform3DExample.app; sourceTree = BUILT_PRODUCTS_DIR; };
		FCB88C9624C9C16900E91BAD /* AppDelegate.swift */ = {isa = PBXFileReference; lastKnownFileType = sourcecode.swift; path = AppDelegate.swift; sourceTree = "<group>"; };
		FCB88C9824C9C16900E91BAD /* SceneDelegate.swift */ = {isa = PBXFileReference; lastKnownFileType = sourcecode.swift; path = SceneDelegate.swift; sourceTree = "<group>"; };
		FCB88C9A24C9C16900E91BAD /* ViewController.swift */ = {isa = PBXFileReference; lastKnownFileType = sourcecode.swift; path = ViewController.swift; sourceTree = "<group>"; };
		FCB88C9D24C9C16900E91BAD /* Base */ = {isa = PBXFileReference; lastKnownFileType = file.storyboard; name = Base; path = Base.lproj/Main.storyboard; sourceTree = "<group>"; };
		FCB88C9F24C9C16B00E91BAD /* Assets.xcassets */ = {isa = PBXFileReference; lastKnownFileType = folder.assetcatalog; path = Assets.xcassets; sourceTree = "<group>"; };
		FCB88CA224C9C16B00E91BAD /* Base */ = {isa = PBXFileReference; lastKnownFileType = file.storyboard; name = Base; path = Base.lproj/LaunchScreen.storyboard; sourceTree = "<group>"; };
		FCB88CA424C9C16B00E91BAD /* Info.plist */ = {isa = PBXFileReference; lastKnownFileType = text.plist.xml; path = Info.plist; sourceTree = "<group>"; };
		FCB88CA924C9C16C00E91BAD /* CATransform3DExampleTests.xctest */ = {isa = PBXFileReference; explicitFileType = wrapper.cfbundle; includeInIndex = 0; path = CATransform3DExampleTests.xctest; sourceTree = BUILT_PRODUCTS_DIR; };
		FCB88CAD24C9C16C00E91BAD /* CATransform3DExampleTests.swift */ = {isa = PBXFileReference; lastKnownFileType = sourcecode.swift; path = CATransform3DExampleTests.swift; sourceTree = "<group>"; };
		FCB88CAF24C9C16C00E91BAD /* Info.plist */ = {isa = PBXFileReference; lastKnownFileType = text.plist.xml; path = Info.plist; sourceTree = "<group>"; };
/* End PBXFileReference section */

/* Begin PBXFrameworksBuildPhase section */
		FCB88C9024C9C16900E91BAD /* Frameworks */ = {
			isa = PBXFrameworksBuildPhase;
			buildActionMask = 2147483647;
			files = (
			);
			runOnlyForDeploymentPostprocessing = 0;
		};
		FCB88CA624C9C16C00E91BAD /* Frameworks */ = {
			isa = PBXFrameworksBuildPhase;
			buildActionMask = 2147483647;
			files = (
			);
			runOnlyForDeploymentPostprocessing = 0;
		};
/* End PBXFrameworksBuildPhase section */

/* Begin PBXGroup section */
		FCB88C8A24C9C16900E91BAD = {
			isa = PBXGroup;
			children = (
				FCB88C9524C9C16900E91BAD /* CATransform3DExample */,
				FCB88CAC24C9C16C00E91BAD /* CATransform3DExampleTests */,
				FCB88C9424C9C16900E91BAD /* Products */,
			);
			sourceTree = "<group>";
		};
		FCB88C9424C9C16900E91BAD /* Products */ = {
			isa = PBXGroup;
			children = (
				FCB88C9324C9C16900E91BAD /* CATransform3DExample.app */,
				FCB88CA924C9C16C00E91BAD /* CATransform3DExampleTests.xctest */,
			);
			name = Products;
			sourceTree = "<group>";
		};
		FCB88C9524C9C16900E91BAD /* CATransform3DExample */ = {
			isa = PBXGroup;
			children = (
				FCB88C9624C9C16900E91BAD /* AppDelegate.swift */,
				FCB88C9824C9C16900E91BAD /* SceneDelegate.swift */,
				FCB88C9A24C9C16900E91BAD /* ViewController.swift */,
				FCB88C9C24C9C16900E91BAD /* Main.storyboard */,
				FCB88C9F24C9C16B00E91BAD /* Assets.xcassets */,
				FCB88CA124C9C16B00E91BAD /* LaunchScreen.storyboard */,
				FCB88CA424C9C16B00E91BAD /* Info.plist */,
			);
			path = CATransform3DExample;
			sourceTree = "<group>";
		};
		FCB88CAC24C9C16C00E91BAD /* CATransform3DExampleTests */ = {
			isa = PBXGroup;
			children = (
				FCB88CAD24C9C16C00E91BAD /* CATransform3DExampleTests.swift */,
				FCB88CAF24C9C16C00E91BAD /* Info.plist */,
			);
			path = CATransform3DExampleTests;
			sourceTree = "<group>";
		};
/* End PBXGroup section */

/* Begin PBXNativeTarget section */
		FCB88C9224C9C16900E91BAD /* CATransform3DExample */ = {
			isa = PBXNativeTarget;
			buildConfigurationList = FCB88CB224C9C16C00E91BAD /* Build configuration list for PBXNativeTarget "CATransform3DExample" */;
			buildPhases = (
				FCB88C8F24C9C16900E91BAD /* Sources */,
				FCB88C9024C9C16900E91BAD /* Frameworks */,
				FCB88C9124C9C16900E91BAD /* Resources */,
			);
			buildRules = (
			);
			dependencies = (
			);
			name = CATransform3DExample;
			productName = CATransform3DExample;
			productReference = FCB88C9324C9C16900E91BAD /* CATransform3DExample.app */;
			productType = "com.apple.product-type.application";
		};
		FCB88CA824C9C16C00E91BAD /* CATransform3DExampleTests */ = {
			isa = PBXNativeTarget;
			buildConfigurationList = FCB88CB524C9C16C00E91BAD /* Build configuration list for PBXNativeTarget "CATransform3DExampleTests" */;
			buildPhases = (
				FCB88CA524C9C16C00E91BAD /* Sources */,
				FCB88CA624C9C16C00E91BAD /* Frameworks */,
				FCB88CA724C9C16C00E91BAD /* Resources */,
			);
			buildRules = (
			);
			dependencies = (
				FCB88CAB24C9C16C00E91BAD /* PBXTargetDependency */,
			);
			name = CATransform3DExampleTests;
			productName = CATransform3DExampleTests;
			productReference = FCB88CA924C9C16C00E91BAD /* CATransform3DExampleTests.xctest */;
			productType = "com.apple.product-type.bundle.unit-test";
		};
/* End PBXNativeTarget section */

/* Begin PBXProject section */
		FCB88C8B24C9C16900E91BAD /* Project object */ = {
			isa = PBXProject;
			attributes = {
				LastSwiftUpdateCheck = 1130;
				LastUpgradeCheck = 1130;
				ORGANIZATIONNAME = ChanWookPark;
				TargetAttributes = {
					FCB88C9224C9C16900E91BAD = {
						CreatedOnToolsVersion = 11.3;
					};
					FCB88CA824C9C16C00E91BAD = {
						CreatedOnToolsVersion = 11.3;
						TestTargetID = FCB88C9224C9C16900E91BAD;
					};
				};
			};
			buildConfigurationList = FCB88C8E24C9C16900E91BAD /* Build configuration list for PBXProject "CATransform3DExample" */;
			compatibilityVersion = "Xcode 9.3";
			developmentRegion = en;
			hasScannedForEncodings = 0;
			knownRegions = (
				en,
				Base,
			);
			mainGroup = FCB88C8A24C9C16900E91BAD;
			productRefGroup = FCB88C9424C9C16900E91BAD /* Products */;
			projectDirPath = "";
			projectRoot = "";
			targets = (
				FCB88C9224C9C16900E91BAD /* CATransform3DExample */,
				FCB88CA824C9C16C00E91BAD /* CATransform3DExampleTests */,
			);
		};
/* End PBXProject section */

/* Begin PBXResourcesBuildPhase section */
		FCB88C9124C9C16900E91BAD /* Resources */ = {
			isa = PBXResourcesBuildPhase;
			buildActionMask = 2147483647;
			files = (
				FCB88CA324C9C16B00E91BAD /* LaunchScreen.storyboard in Resources */,
				FCB88CA024C9C16B00E91BAD /* Assets.xcassets in Resources */,
				FCB88C9E24C9C16900E91BAD /* Main.storyboard in Resources */,
			);
			runOnlyForDeploymentPostprocessing = 0;
		};
		FCB88CA724C9C16C00E91BAD /* Resources */ = {
			isa = PBXResourcesBuildPhase;
			buildActionMask = 2147483647;
			files = (
			);
			runOnlyForDeploymentPostprocessing = 0;
		};
/* End PBXResourcesBuildPhase section */

/* Begin PBXSourcesBuildPhase section */
		FCB88C8F24C9C16900E91BAD /* Sources */ = {
			isa = PBXSourcesBuildPhase;
			buildActionMask = 2147483647;
			files = (
				FCB88C9B24C9C16900E91BAD /* ViewController.swift in Sources */,
				FCB88C9724C9C16900E91BAD /* AppDelegate.swift in Sources */,
				FCB88C9924C9C16900E91BAD /* SceneDelegate.swift in Sources */,
			);
			runOnlyForDeploymentPostprocessing = 0;
		};
		FCB88CA524C9C16C00E91BAD /* Sources */ = {
			isa = PBXSourcesBuildPhase;
			buildActionMask = 2147483647;
			files = (
				FCB88CAE24C9C16C00E91BAD /* CATransform3DExampleTests.swift in Sources */,
			);
			runOnlyForDeploymentPostprocessing = 0;
		};
/* End PBXSourcesBuildPhase section */

/* Begin PBXTargetDependency section */
		FCB88CAB24C9C16C00E91BAD /* PBXTargetDependency */ = {
			isa = PBXTargetDependency;
			target = FCB88C9224C9C16900E91BAD /* CATransform3DExample */;
			targetProxy = FCB88CAA24C9C16C00E91BAD /* PBXContainerItemProxy */;
		};
/* End PBXTargetDependency section */

/* Begin PBXVariantGroup section */
		FCB88C9C24C9C16900E91BAD /* Main.storyboard */ = {
			isa = PBXVariantGroup;
			children = (
				FCB88C9D24C9C16900E91BAD /* Base */,
			);
			name = Main.storyboard;
			sourceTree = "<group>";
		};
		FCB88CA124C9C16B00E91BAD /* LaunchScreen.storyboard */ = {
			isa = PBXVariantGroup;
			children = (
				FCB88CA224C9C16B00E91BAD /* Base */,
			);
			name = LaunchScreen.storyboard;
			sourceTree = "<group>";
		};
/* End PBXVariantGroup section */

/* Begin XCBuildConfiguration section */
		FCB88CB024C9C16C00E91BAD /* Debug */ = {
			isa = XCBuildConfiguration;
			buildSettings = {
				ALWAYS_SEARCH_USER_PATHS = NO;
				CLANG_ANALYZER_NONNULL = YES;
				CLANG_ANALYZER_NUMBER_OBJECT_CONVERSION = YES_AGGRESSIVE;
				CLANG_CXX_LANGUAGE_STANDARD = "gnu++14";
				CLANG_CXX_LIBRARY = "libc++";
				CLANG_ENABLE_MODULES = YES;
				CLANG_ENABLE_OBJC_ARC = YES;
				CLANG_ENABLE_OBJC_WEAK = YES;
				CLANG_WARN_BLOCK_CAPTURE_AUTORELEASING = YES;
				CLANG_WARN_BOOL_CONVERSION = YES;
				CLANG_WARN_COMMA = YES;
				CLANG_WARN_CONSTANT_CONVERSION = YES;
				CLANG_WARN_DEPRECATED_OBJC_IMPLEMENTATIONS = YES;
				CLANG_WARN_DIRECT_OBJC_ISA_USAGE = YES_ERROR;
				CLANG_WARN_DOCUMENTATION_COMMENTS = YES;
				CLANG_WARN_EMPTY_BODY = YES;
				CLANG_WARN_ENUM_CONVERSION = YES;
				CLANG_WARN_INFINITE_RECURSION = YES;
				CLANG_WARN_INT_CONVERSION = YES;
				CLANG_WARN_NON_LITERAL_NULL_CONVERSION = YES;
				CLANG_WARN_OBJC_IMPLICIT_RETAIN_SELF = YES;
				CLANG_WARN_OBJC_LITERAL_CONVERSION = YES;
				CLANG_WARN_OBJC_ROOT_CLASS = YES_ERROR;
				CLANG_WARN_RANGE_LOOP_ANALYSIS = YES;
				CLANG_WARN_STRICT_PROTOTYPES = YES;
				CLANG_WARN_SUSPICIOUS_MOVE = YES;
				CLANG_WARN_UNGUARDED_AVAILABILITY = YES_AGGRESSIVE;
				CLANG_WARN_UNREACHABLE_CODE = YES;
				CLANG_WARN__DUPLICATE_METHOD_MATCH = YES;
				COPY_PHASE_STRIP = NO;
				DEBUG_INFORMATION_FORMAT = dwarf;
				ENABLE_STRICT_OBJC_MSGSEND = YES;
				ENABLE_TESTABILITY = YES;
				GCC_C_LANGUAGE_STANDARD = gnu11;
				GCC_DYNAMIC_NO_PIC = NO;
				GCC_NO_COMMON_BLOCKS = YES;
				GCC_OPTIMIZATION_LEVEL = 0;
				GCC_PREPROCESSOR_DEFINITIONS = (
					"DEBUG=1",
					"$(inherited)",
				);
				GCC_WARN_64_TO_32_BIT_CONVERSION = YES;
				GCC_WARN_ABOUT_RETURN_TYPE = YES_ERROR;
				GCC_WARN_UNDECLARED_SELECTOR = YES;
				GCC_WARN_UNINITIALIZED_AUTOS = YES_AGGRESSIVE;
				GCC_WARN_UNUSED_FUNCTION = YES;
				GCC_WARN_UNUSED_VARIABLE = YES;
				IPHONEOS_DEPLOYMENT_TARGET = 13.2;
				MTL_ENABLE_DEBUG_INFO = INCLUDE_SOURCE;
				MTL_FAST_MATH = YES;
				ONLY_ACTIVE_ARCH = YES;
				SDKROOT = iphoneos;
				SWIFT_ACTIVE_COMPILATION_CONDITIONS = DEBUG;
				SWIFT_OPTIMIZATION_LEVEL = "-Onone";
			};
			name = Debug;
		};
		FCB88CB124C9C16C00E91BAD /* Release */ = {
			isa = XCBuildConfiguration;
			buildSettings = {
				ALWAYS_SEARCH_USER_PATHS = NO;
				CLANG_ANALYZER_NONNULL = YES;
				CLANG_ANALYZER_NUMBER_OBJECT_CONVERSION = YES_AGGRESSIVE;
				CLANG_CXX_LANGUAGE_STANDARD = "gnu++14";
				CLANG_CXX_LIBRARY = "libc++";
				CLANG_ENABLE_MODULES = YES;
				CLANG_ENABLE_OBJC_ARC = YES;
				CLANG_ENABLE_OBJC_WEAK = YES;
				CLANG_WARN_BLOCK_CAPTURE_AUTORELEASING = YES;
				CLANG_WARN_BOOL_CONVERSION = YES;
				CLANG_WARN_COMMA = YES;
				CLANG_WARN_CONSTANT_CONVERSION = YES;
				CLANG_WARN_DEPRECATED_OBJC_IMPLEMENTATIONS = YES;
				CLANG_WARN_DIRECT_OBJC_ISA_USAGE = YES_ERROR;
				CLANG_WARN_DOCUMENTATION_COMMENTS = YES;
				CLANG_WARN_EMPTY_BODY = YES;
				CLANG_WARN_ENUM_CONVERSION = YES;
				CLANG_WARN_INFINITE_RECURSION = YES;
				CLANG_WARN_INT_CONVERSION = YES;
				CLANG_WARN_NON_LITERAL_NULL_CONVERSION = YES;
				CLANG_WARN_OBJC_IMPLICIT_RETAIN_SELF = YES;
				CLANG_WARN_OBJC_LITERAL_CONVERSION = YES;
				CLANG_WARN_OBJC_ROOT_CLASS = YES_ERROR;
				CLANG_WARN_RANGE_LOOP_ANALYSIS = YES;
				CLANG_WARN_STRICT_PROTOTYPES = YES;
				CLANG_WARN_SUSPICIOUS_MOVE = YES;
				CLANG_WARN_UNGUARDED_AVAILABILITY = YES_AGGRESSIVE;
				CLANG_WARN_UNREACHABLE_CODE = YES;
				CLANG_WARN__DUPLICATE_METHOD_MATCH = YES;
				COPY_PHASE_STRIP = NO;
				DEBUG_INFORMATION_FORMAT = "dwarf-with-dsym";
				ENABLE_NS_ASSERTIONS = NO;
				ENABLE_STRICT_OBJC_MSGSEND = YES;
				GCC_C_LANGUAGE_STANDARD = gnu11;
				GCC_NO_COMMON_BLOCKS = YES;
				GCC_WARN_64_TO_32_BIT_CONVERSION = YES;
				GCC_WARN_ABOUT_RETURN_TYPE = YES_ERROR;
				GCC_WARN_UNDECLARED_SELECTOR = YES;
				GCC_WARN_UNINITIALIZED_AUTOS = YES_AGGRESSIVE;
				GCC_WARN_UNUSED_FUNCTION = YES;
				GCC_WARN_UNUSED_VARIABLE = YES;
				IPHONEOS_DEPLOYMENT_TARGET = 13.2;
				MTL_ENABLE_DEBUG_INFO = NO;
				MTL_FAST_MATH = YES;
				SDKROOT = iphoneos;
				SWIFT_COMPILATION_MODE = wholemodule;
				SWIFT_OPTIMIZATION_LEVEL = "-O";
				VALIDATE_PRODUCT = YES;
			};
			name = Release;
		};
		FCB88CB324C9C16C00E91BAD /* Debug */ = {
			isa = XCBuildConfiguration;
			buildSettings = {
				ASSETCATALOG_COMPILER_APPICON_NAME = AppIcon;
				CODE_SIGN_STYLE = Automatic;
				DEVELOPMENT_TEAM = 3BPKLMWSQR;
				INFOPLIST_FILE = CATransform3DExample/Info.plist;
				LD_RUNPATH_SEARCH_PATHS = (
					"$(inherited)",
					"@executable_path/Frameworks",
				);
				PRODUCT_BUNDLE_IDENTIFIER = com.example.CATransform3DExample;
				PRODUCT_NAME = "$(TARGET_NAME)";
				SWIFT_VERSION = 5.0;
				TARGETED_DEVICE_FAMILY = "1,2";
			};
			name = Debug;
		};
		FCB88CB424C9C16C00E91BAD /* Release */ = {
			isa = XCBuildConfiguration;
			buildSettings = {
				ASSETCATALOG_COMPILER_APPICON_NAME = AppIcon;
				CODE_SIGN_STYLE = Automatic;
				DEVELOPMENT_TEAM = 3BPKLMWSQR;
				INFOPLIST_FILE = CATransform3DExample/Info.plist;
				LD_RUNPATH_SEARCH_PATHS = (
					"$(inherited)",
					"@executable_path/Frameworks",
				);
				PRODUCT_BUNDLE_IDENTIFIER = com.example.CATransform3DExample;
				PRODUCT_NAME = "$(TARGET_NAME)";
				SWIFT_VERSION = 5.0;
				TARGETED_DEVICE_FAMILY = "1,2";
			};
			name = Release;
		};
		FCB88CB624C9C16C00E91BAD /* Debug */ = {
			isa = XCBuildConfiguration;
			buildSettings = {
				ALWAYS_EMBED_SWIFT_STANDARD_LIBRARIES = YES;
				BUNDLE_LOADER = "$(TEST_HOST)";
				CODE_SIGN_STYLE = Automatic;
				DEVELOPMENT_TEAM = 3BPKLMWSQR;
				INFOPLIST_FILE = CATransform3DExampleTests/Info.plist;
				IPHONEOS_DEPLOYMENT_TARGET = 13.2;
				LD_RUNPATH_SEARCH_PATHS = (
					"$(inherited)",
					"@executable_path/Frameworks",
					"@loader_path/Frameworks",
				);
				PRODUCT_BUNDLE_IDENTIFIER = com.example.CATransform3DExampleTests;
				PRODUCT_NAME = "$(TARGET_NAME)";
				SWIFT_VERSION = 5.0;
				TARGETED_DEVICE_FAMILY = "1,2";
				TEST_HOST = "$(BUILT_PRODUCTS_DIR)/CATransform3DExample.app/CATransform3DExample";
			};
			name = Debug;
		};
		FCB88CB724C9C16C00E91BAD /* Release */ = {
			isa = XCBuildConfiguration;
			buildSettings = {
				ALWAYS_EMBED_SWIFT_STANDARD_LIBRARIES = YES;
				BUNDLE_LOADER = "$(TEST_HOST)";
				CODE_SIGN_STYLE = Automatic;
				DEVELOPMENT_TEAM = 3BPKLMWSQR;
				INFOPLIST_FILE = CATransform3DExampleTests/Info.plist;
				IPHONEOS_DEPLOYMENT_TARGET = 13.2;
				LD_RUNPATH_SEARCH_PATHS = (
					"$(inherited)",
					"@executable_path/Frameworks",
					"@loader_path/Frameworks",
				);
				PRODUCT_BUNDLE_IDENTIFIER = com.example.CATransform3DExampleTests;
				PRODUCT_NAME = "$(TARGET_NAME)";
				SWIFT_VERSION = 5.0;
				TARGETED_DEVICE_FAMILY = "1,2";
				TEST_HOST = "$(BUILT_PRODUCTS_DIR)/CATransform3DExample.app/CATransform3DExample";
			};
			name = Release;
		};
/* End XCBuildConfiguration section */

/* Begin XCConfigurationList section */
		FCB88C8E24C9C16900E91BAD /* Build configuration list for PBXProject "CATransform3DExample" */ = {
			isa = XCConfigurationList;
			buildConfigurations = (
				FCB88CB024C9C16C00E91BAD /* Debug */,
				FCB88CB124C9C16C00E91BAD /* Release */,
			);
			defaultConfigurationIsVisible = 0;
			defaultConfigurationName = Release;
		};
		FCB88CB224C9C16C00E91BAD /* Build configuration list for PBXNativeTarget "CATransform3DExample" */ = {
			isa = XCConfigurationList;
			buildConfigurations = (
				FCB88CB324C9C16C00E91BAD /* Debug */,
				FCB88CB424C9C16C00E91BAD /* Release */,
			);
			defaultConfigurationIsVisible = 0;
			defaultConfigurationName = Release;
		};
		FCB88CB524C9C16C00E91BAD /* Build configuration list for PBXNativeTarget "CATransform3DExampleTests" */ = {
			isa = XCConfigurationList;
			buildConfigurations = (
				FCB88CB624C9C16C00E91BAD /* Debug */,
				FCB88CB724C9C16C00E91BAD /* Release */,
			);
			defaultConfigurationIsVisible = 0;
			defaultConfigurationName = Release;
		};
/* End XCConfigurationList section */
	};
	rootObject = FCB88C8B24C9C16900E91BAD /* Project object */;
}
